// !$*UTF8*$!
{
	archiveVersion = 1;
	classes = {
	};
	objectVersion = 46;
	objects = {

/* Begin PBXBuildFile section */
		18D1DE9D1DAFB14700806993 /* AppDelegate.swift in Sources */ = {isa = PBXBuildFile; fileRef = 18D1DE9C1DAFB14700806993 /* AppDelegate.swift */; };
		18D1DE9F1DAFB14700806993 /* ViewController.swift in Sources */ = {isa = PBXBuildFile; fileRef = 18D1DE9E1DAFB14700806993 /* ViewController.swift */; };
		18D1DEA21DAFB14700806993 /* Main.storyboard in Resources */ = {isa = PBXBuildFile; fileRef = 18D1DEA01DAFB14700806993 /* Main.storyboard */; };
		18D1DEA41DAFB14700806993 /* Assets.xcassets in Resources */ = {isa = PBXBuildFile; fileRef = 18D1DEA31DAFB14700806993 /* Assets.xcassets */; };
		18D1DEA71DAFB14700806993 /* LaunchScreen.storyboard in Resources */ = {isa = PBXBuildFile; fileRef = 18D1DEA51DAFB14700806993 /* LaunchScreen.storyboard */; };
		18D1DEAF1DAFB33500806993 /* Person.swift in Sources */ = {isa = PBXBuildFile; fileRef = 18D1DEAE1DAFB33500806993 /* Person.swift */; };
/* End PBXBuildFile section */

/* Begin PBXFileReference section */
		18D1DE991DAFB14700806993 /* swift12.app */ = {isa = PBXFileReference; explicitFileType = wrapper.application; includeInIndex = 0; path = swift12.app; sourceTree = BUILT_PRODUCTS_DIR; };
		18D1DE9C1DAFB14700806993 /* AppDelegate.swift */ = {isa = PBXFileReference; lastKnownFileType = sourcecode.swift; path = AppDelegate.swift; sourceTree = "<group>"; };
		18D1DE9E1DAFB14700806993 /* ViewController.swift */ = {isa = PBXFileReference; lastKnownFileType = sourcecode.swift; path = ViewController.swift; sourceTree = "<group>"; };
		18D1DEA11DAFB14700806993 /* Base */ = {isa = PBXFileReference; lastKnownFileType = file.storyboard; name = Base; path = Base.lproj/Main.storyboard; sourceTree = "<group>"; };
		18D1DEA31DAFB14700806993 /* Assets.xcassets */ = {isa = PBXFileReference; lastKnownFileType = folder.assetcatalog; path = Assets.xcassets; sourceTree = "<group>"; };
		18D1DEA61DAFB14700806993 /* Base */ = {isa = PBXFileReference; lastKnownFileType = file.storyboard; name = Base; path = Base.lproj/LaunchScreen.storyboard; sourceTree = "<group>"; };
		18D1DEA81DAFB14700806993 /* Info.plist */ = {isa = PBXFileReference; lastKnownFileType = text.plist.xml; path = Info.plist; sourceTree = "<group>"; };
		18D1DEAE1DAFB33500806993 /* Person.swift */ = {isa = PBXFileReference; fileEncoding = 4; lastKnownFileType = sourcecode.swift; path = Person.swift; sourceTree = "<group>"; };
/* End PBXFileReference section */

/* Begin PBXFrameworksBuildPhase section */
		18D1DE961DAFB14700806993 /* Frameworks */ = {
			isa = PBXFrameworksBuildPhase;
			buildActionMask = 2147483647;
			files = (
			);
			runOnlyForDeploymentPostprocessing = 0;
		};
/* End PBXFrameworksBuildPhase section */

/* Begin PBXGroup section */
		18D1DE901DAFB14700806993 = {
			isa = PBXGroup;
			children = (
				18D1DE9B1DAFB14700806993 /* swift12 */,
				18D1DE9A1DAFB14700806993 /* Products */,
			);
			sourceTree = "<group>";
		};
		18D1DE9A1DAFB14700806993 /* Products */ = {
			isa = PBXGroup;
			children = (
				18D1DE991DAFB14700806993 /* swift12.app */,
			);
			name = Products;
			sourceTree = "<group>";
		};
		18D1DE9B1DAFB14700806993 /* swift12 */ = {
			isa = PBXGroup;
			children = (
				18D1DE9C1DAFB14700806993 /* AppDelegate.swift */,
				18D1DE9E1DAFB14700806993 /* ViewController.swift */,
				18D1DEAE1DAFB33500806993 /* Person.swift */,
				18D1DEA01DAFB14700806993 /* Main.storyboard */,
				18D1DEA31DAFB14700806993 /* Assets.xcassets */,
				18D1DEA51DAFB14700806993 /* LaunchScreen.storyboard */,
				18D1DEA81DAFB14700806993 /* Info.plist */,
			);
			path = swift12;
			sourceTree = "<group>";
		};
/* End PBXGroup section */

/* Begin PBXNativeTarget section */
		18D1DE981DAFB14700806993 /* swift12 */ = {
			isa = PBXNativeTarget;
			buildConfigurationList = 18D1DEAB1DAFB14700806993 /* Build configuration list for PBXNativeTarget "swift12" */;
			buildPhases = (
				18D1DE951DAFB14700806993 /* Sources */,
				18D1DE961DAFB14700806993 /* Frameworks */,
				18D1DE971DAFB14700806993 /* Resources */,
			);
			buildRules = (
			);
			dependencies = (
			);
			name = swift12;
			productName = swift12;
			productReference = 18D1DE991DAFB14700806993 /* swift12.app */;
			productType = "com.apple.product-type.application";
		};
/* End PBXNativeTarget section */

/* Begin PBXProject section */
		18D1DE911DAFB14700806993 /* Project object */ = {
			isa = PBXProject;
			attributes = {
				LastSwiftUpdateCheck = 0720;
				LastUpgradeCheck = 0720;
				ORGANIZATIONNAME = "lkb-求工作qq:1218773641";
				TargetAttributes = {
					18D1DE981DAFB14700806993 = {
						CreatedOnToolsVersion = 7.2;
						DevelopmentTeam = E54YL2T5L5;
					};
				};
			};
			buildConfigurationList = 18D1DE941DAFB14700806993 /* Build configuration list for PBXProject "swift12" */;
			compatibilityVersion = "Xcode 3.2";
			developmentRegion = English;
			hasScannedForEncodings = 0;
			knownRegions = (
				en,
				Base,
			);
			mainGroup = 18D1DE901DAFB14700806993;
			productRefGroup = 18D1DE9A1DAFB14700806993 /* Products */;
			projectDirPath = "";
			projectRoot = "";
			targets = (
				18D1DE981DAFB14700806993 /* swift12 */,
			);
		};
/* End PBXProject section */

/* Begin PBXResourcesBuildPhase section */
		18D1DE971DAFB14700806993 /* Resources */ = {
			isa = PBXResourcesBuildPhase;
			buildActionMask = 2147483647;
			files = (
				18D1DEA71DAFB14700806993 /* LaunchScreen.storyboard in Resources */,
				18D1DEA41DAFB14700806993 /* Assets.xcassets in Resources */,
				18D1DEA21DAFB14700806993 /* Main.storyboard in Resources */,
			);
			runOnlyForDeploymentPostprocessing = 0;
		};
/* End PBXResourcesBuildPhase section */

/* Begin PBXSourcesBuildPhase section */
		18D1DE951DAFB14700806993 /* Sources */ = {
			isa = PBXSourcesBuildPhase;
			buildActionMask = 2147483647;
			files = (
				18D1DEAF1DAFB33500806993 /* Person.swift in Sources */,
				18D1DE9F1DAFB14700806993 /* ViewController.swift in Sources */,
				18D1DE9D1DAFB14700806993 /* AppDelegate.swift in Sources */,
			);
			runOnlyForDeploymentPostprocessing = 0;
		};
/* End PBXSourcesBuildPhase section */

/* Begin PBXVariantGroup section */
		18D1DEA01DAFB14700806993 /* Main.storyboard */ = {
			isa = PBXVariantGroup;
			children = (
				18D1DEA11DAFB14700806993 /* Base */,
			);
			name = Main.storyboard;
			sourceTree = "<group>";
		};
		18D1DEA51DAFB14700806993 /* LaunchScreen.storyboard */ = {
			isa = PBXVariantGroup;
			children = (
				18D1DEA61DAFB14700806993 /* Base */,
			);
			name = LaunchScreen.storyboard;
			sourceTree = "<group>";
		};
/* End PBXVariantGroup section */

/* Begin XCBuildConfiguration section */
		18D1DEA91DAFB14700806993 /* Debug */ = {
			isa = XCBuildConfiguration;
			buildSettings = {
				ALWAYS_SEARCH_USER_PATHS = NO;
				CLANG_CXX_LANGUAGE_STANDARD = "gnu++0x";
				CLANG_CXX_LIBRARY = "libc++";
				CLANG_ENABLE_MODULES = YES;
				CLANG_ENABLE_OBJC_ARC = YES;
				CLANG_WARN_BOOL_CONVERSION = YES;
				CLANG_WARN_CONSTANT_CONVERSION = YES;
				CLANG_WARN_DIRECT_OBJC_ISA_USAGE = YES_ERROR;
				CLANG_WARN_EMPTY_BODY = YES;
				CLANG_WARN_ENUM_CONVERSION = YES;
				CLANG_WARN_INT_CONVERSION = YES;
				CLANG_WARN_OBJC_ROOT_CLASS = YES_ERROR;
				CLANG_WARN_UNREACHABLE_CODE = YES;
				CLANG_WARN__DUPLICATE_METHOD_MATCH = YES;
				"CODE_SIGN_IDENTITY[sdk=iphoneos*]" = "iPhone Developer";
				COPY_PHASE_STRIP = NO;
				DEBUG_INFORMATION_FORMAT = dwarf;
				ENABLE_STRICT_OBJC_MSGSEND = YES;
				ENABLE_TESTABILITY = YES;
				GCC_C_LANGUAGE_STANDARD = gnu99;
				GCC_DYNAMIC_NO_PIC = NO;
				GCC_NO_COMMON_BLOCKS = YES;
				GCC_OPTIMIZATION_LEVEL = 0;
				GCC_PREPROCESSOR_DEFINITIONS = (
					"DEBUG=1",
					"$(inherited)",
				);
				GCC_WARN_64_TO_32_BIT_CONVERSION = YES;
				GCC_WARN_ABOUT_RETURN_TYPE = YES_ERROR;
				GCC_WARN_UNDECLARED_SELECTOR = YES;
				GCC_WARN_UNINITIALIZED_AUTOS = YES_AGGRESSIVE;
				GCC_WARN_UNUSED_FUNCTION = YES;
				GCC_WARN_UNUSED_VARIABLE = YES;
				IPHONEOS_DEPLOYMENT_TARGET = 9.2;
				MTL_ENABLE_DEBUG_INFO = YES;
				ONLY_ACTIVE_ARCH = YES;
				SDKROOT = iphoneos;
				SWIFT_OPTIMIZATION_LEVEL = "-Onone";
			};
			name = Debug;
		};
		18D1DEAA1DAFB14700806993 /* Release */ = {
			isa = XCBuildConfiguration;
			buildSettings = {
				ALWAYS_SEARCH_USER_PATHS = NO;
				CLANG_CXX_LANGUAGE_STANDARD = "gnu++0x";
				CLANG_CXX_LIBRARY = "libc++";
				CLANG_ENABLE_MODULES = YES;
				CLANG_ENABLE_OBJC_ARC = YES;
				CLANG_WARN_BOOL_CONVERSION = YES;
				CLANG_WARN_CONSTANT_CONVERSION = YES;
				CLANG_WARN_DIRECT_OBJC_ISA_USAGE = YES_ERROR;
				CLANG_WARN_EMPTY_BODY = YES;
				CLANG_WARN_ENUM_CONVERSION = YES;
				CLANG_WARN_INT_CONVERSION = YES;
				CLANG_WARN_OBJC_ROOT_CLASS = YES_ERROR;
				CLANG_WARN_UNREACHABLE_CODE = YES;
				CLANG_WARN__DUPLICATE_METHOD_MATCH = YES;
				"CODE_SIGN_IDENTITY[sdk=iphoneos*]" = "iPhone Developer";
				COPY_PHASE_STRIP = NO;
				DEBUG_INFORMATION_FORMAT = "dwarf-with-dsym";
				ENABLE_NS_ASSERTIONS = NO;
				ENABLE_STRICT_OBJC_MSGSEND = YES;
				GCC_C_LANGUAGE_STANDARD = gnu99;
				GCC_NO_COMMON_BLOCKS = YES;
				GCC_WARN_64_TO_32_BIT_CONVERSION = YES;
				GCC_WARN_ABOUT_RETURN_TYPE = YES_ERROR;
				GCC_WARN_UNDECLARED_SELECTOR = YES;
				GCC_WARN_UNINITIALIZED_AUTOS = YES_AGGRESSIVE;
				GCC_WARN_UNUSED_FUNCTION = YES;
				GCC_WARN_UNUSED_VARIABLE = YES;
				IPHONEOS_DEPLOYMENT_TARGET = 9.2;
				MTL_ENABLE_DEBUG_INFO = NO;
				SDKROOT = iphoneos;
				VALIDATE_PRODUCT = YES;
			};
			name = Release;
		};
		18D1DEAC1DAFB14700806993 /* Debug */ = {
			isa = XCBuildConfiguration;
			buildSettings = {
				ASSETCATALOG_COMPILER_APPICON_NAME = AppIcon;
				INFOPLIST_FILE = swift12/Info.plist;
				LD_RUNPATH_SEARCH_PATHS = "$(inherited) @executable_path/Frameworks";
				PRODUCT_BUNDLE_IDENTIFIER = "-.swift12";
				PRODUCT_NAME = "$(TARGET_NAME)";
			};
			name = Debug;
		};
		18D1DEAD1DAFB14700806993 /* Release */ = {
			isa = XCBuildConfiguration;
			buildSettings = {
				ASSETCATALOG_COMPILER_APPICON_NAME = AppIcon;
				INFOPLIST_FILE = swift12/Info.plist;
				LD_RUNPATH_SEARCH_PATHS = "$(inherited) @executable_path/Frameworks";
				PRODUCT_BUNDLE_IDENTIFIER = "-.swift12";
				PRODUCT_NAME = "$(TARGET_NAME)";
			};
			name = Release;
		};
/* End XCBuildConfiguration section */

/* Begin XCConfigurationList section */
		18D1DE941DAFB14700806993 /* Build configuration list for PBXProject "swift12" */ = {
			isa = XCConfigurationList;
			buildConfigurations = (
				18D1DEA91DAFB14700806993 /* Debug */,
				18D1DEAA1DAFB14700806993 /* Release */,
			);
			defaultConfigurationIsVisible = 0;
			defaultConfigurationName = Release;
		};
		18D1DEAB1DAFB14700806993 /* Build configuration list for PBXNativeTarget "swift12" */ = {
			isa = XCConfigurationList;
			buildConfigurations = (
				18D1DEAC1DAFB14700806993 /* Debug */,
				18D1DEAD1DAFB14700806993 /* Release */,
			);
			defaultConfigurationIsVisible = 0;
		};
/* End XCConfigurationList section */
	};
	rootObject = 18D1DE911DAFB14700806993 /* Project object */;
}
