// !$*UTF8*$!
{
	archiveVersion = 1;
	classes = {
	};
	objectVersion = 46;
	objects = {

/* Begin PBXBuildFile section */
		18D1DDF11DAD2EBA00806993 /* main.m in Sources */ = {isa = PBXBuildFile; fileRef = 18D1DDF01DAD2EBA00806993 /* main.m */; };
		18D1DDF41DAD2EBA00806993 /* AppDelegate.m in Sources */ = {isa = PBXBuildFile; fileRef = 18D1DDF31DAD2EBA00806993 /* AppDelegate.m */; };
		18D1DDF71DAD2EBA00806993 /* ViewController.m in Sources */ = {isa = PBXBuildFile; fileRef = 18D1DDF61DAD2EBA00806993 /* ViewController.m */; };
		18D1DDFA1DAD2EBA00806993 /* Main.storyboard in Resources */ = {isa = PBXBuildFile; fileRef = 18D1DDF81DAD2EBA00806993 /* Main.storyboard */; };
		18D1DDFC1DAD2EBA00806993 /* Assets.xcassets in Resources */ = {isa = PBXBuildFile; fileRef = 18D1DDFB1DAD2EBA00806993 /* Assets.xcassets */; };
		18D1DDFF1DAD2EBA00806993 /* LaunchScreen.storyboard in Resources */ = {isa = PBXBuildFile; fileRef = 18D1DDFD1DAD2EBA00806993 /* LaunchScreen.storyboard */; };
		18D1DE081DAD2EEF00806993 /* swift__oc.swift in Sources */ = {isa = PBXBuildFile; fileRef = 18D1DE071DAD2EEF00806993 /* swift__oc.swift */; };
/* End PBXBuildFile section */

/* Begin PBXFileReference section */
		18D1DDEC1DAD2EBA00806993 /* oc中使用swift.app */ = {isa = PBXFileReference; explicitFileType = wrapper.application; includeInIndex = 0; path = "oc中使用swift.app"; sourceTree = BUILT_PRODUCTS_DIR; };
		18D1DDF01DAD2EBA00806993 /* main.m */ = {isa = PBXFileReference; lastKnownFileType = sourcecode.c.objc; path = main.m; sourceTree = "<group>"; };
		18D1DDF21DAD2EBA00806993 /* AppDelegate.h */ = {isa = PBXFileReference; lastKnownFileType = sourcecode.c.h; path = AppDelegate.h; sourceTree = "<group>"; };
		18D1DDF31DAD2EBA00806993 /* AppDelegate.m */ = {isa = PBXFileReference; lastKnownFileType = sourcecode.c.objc; path = AppDelegate.m; sourceTree = "<group>"; };
		18D1DDF51DAD2EBA00806993 /* ViewController.h */ = {isa = PBXFileReference; lastKnownFileType = sourcecode.c.h; path = ViewController.h; sourceTree = "<group>"; };
		18D1DDF61DAD2EBA00806993 /* ViewController.m */ = {isa = PBXFileReference; lastKnownFileType = sourcecode.c.objc; path = ViewController.m; sourceTree = "<group>"; };
		18D1DDF91DAD2EBA00806993 /* Base */ = {isa = PBXFileReference; lastKnownFileType = file.storyboard; name = Base; path = Base.lproj/Main.storyboard; sourceTree = "<group>"; };
		18D1DDFB1DAD2EBA00806993 /* Assets.xcassets */ = {isa = PBXFileReference; lastKnownFileType = folder.assetcatalog; path = Assets.xcassets; sourceTree = "<group>"; };
		18D1DDFE1DAD2EBA00806993 /* Base */ = {isa = PBXFileReference; lastKnownFileType = file.storyboard; name = Base; path = Base.lproj/LaunchScreen.storyboard; sourceTree = "<group>"; };
		18D1DE001DAD2EBA00806993 /* Info.plist */ = {isa = PBXFileReference; lastKnownFileType = text.plist.xml; path = Info.plist; sourceTree = "<group>"; };
		18D1DE061DAD2EEE00806993 /* oc中使用swift-Bridging-Header.h */ = {isa = PBXFileReference; lastKnownFileType = sourcecode.c.h; path = "oc中使用swift-Bridging-Header.h"; sourceTree = "<group>"; };
		18D1DE071DAD2EEF00806993 /* swift__oc.swift */ = {isa = PBXFileReference; fileEncoding = 4; lastKnownFileType = sourcecode.swift; path = swift__oc.swift; sourceTree = "<group>"; };
/* End PBXFileReference section */

/* Begin PBXFrameworksBuildPhase section */
		18D1DDE91DAD2EBA00806993 /* Frameworks */ = {
			isa = PBXFrameworksBuildPhase;
			buildActionMask = 2147483647;
			files = (
			);
			runOnlyForDeploymentPostprocessing = 0;
		};
/* End PBXFrameworksBuildPhase section */

/* Begin PBXGroup section */
		18D1DDE31DAD2EBA00806993 = {
			isa = PBXGroup;
			children = (
				18D1DDEE1DAD2EBA00806993 /* oc中使用swift */,
				18D1DDED1DAD2EBA00806993 /* Products */,
			);
			sourceTree = "<group>";
		};
		18D1DDED1DAD2EBA00806993 /* Products */ = {
			isa = PBXGroup;
			children = (
				18D1DDEC1DAD2EBA00806993 /* oc中使用swift.app */,
			);
			name = Products;
			sourceTree = "<group>";
		};
		18D1DDEE1DAD2EBA00806993 /* oc中使用swift */ = {
			isa = PBXGroup;
			children = (
				18D1DDF21DAD2EBA00806993 /* AppDelegate.h */,
				18D1DE071DAD2EEF00806993 /* swift__oc.swift */,
				18D1DDF31DAD2EBA00806993 /* AppDelegate.m */,
				18D1DDF51DAD2EBA00806993 /* ViewController.h */,
				18D1DDF61DAD2EBA00806993 /* ViewController.m */,
				18D1DDF81DAD2EBA00806993 /* Main.storyboard */,
				18D1DDFB1DAD2EBA00806993 /* Assets.xcassets */,
				18D1DDFD1DAD2EBA00806993 /* LaunchScreen.storyboard */,
				18D1DE001DAD2EBA00806993 /* Info.plist */,
				18D1DDEF1DAD2EBA00806993 /* Supporting Files */,
				18D1DE061DAD2EEE00806993 /* oc中使用swift-Bridging-Header.h */,
			);
			path = "oc中使用swift";
			sourceTree = "<group>";
		};
		18D1DDEF1DAD2EBA00806993 /* Supporting Files */ = {
			isa = PBXGroup;
			children = (
				18D1DDF01DAD2EBA00806993 /* main.m */,
			);
			name = "Supporting Files";
			sourceTree = "<group>";
		};
/* End PBXGroup section */

/* Begin PBXNativeTarget section */
		18D1DDEB1DAD2EBA00806993 /* oc中使用swift */ = {
			isa = PBXNativeTarget;
			buildConfigurationList = 18D1DE031DAD2EBA00806993 /* Build configuration list for PBXNativeTarget "oc中使用swift" */;
			buildPhases = (
				18D1DDE81DAD2EBA00806993 /* Sources */,
				18D1DDE91DAD2EBA00806993 /* Frameworks */,
				18D1DDEA1DAD2EBA00806993 /* Resources */,
			);
			buildRules = (
			);
			dependencies = (
			);
			name = "oc中使用swift";
			productName = "oc中使用swift";
			productReference = 18D1DDEC1DAD2EBA00806993 /* oc中使用swift.app */;
			productType = "com.apple.product-type.application";
		};
/* End PBXNativeTarget section */

/* Begin PBXProject section */
		18D1DDE41DAD2EBA00806993 /* Project object */ = {
			isa = PBXProject;
			attributes = {
				LastUpgradeCheck = 0720;
				ORGANIZATIONNAME = "lkb-求工作qq:1218773641";
				TargetAttributes = {
					18D1DDEB1DAD2EBA00806993 = {
						CreatedOnToolsVersion = 7.2;
						DevelopmentTeam = E54YL2T5L5;
					};
				};
			};
			buildConfigurationList = 18D1DDE71DAD2EBA00806993 /* Build configuration list for PBXProject "oc中使用swift" */;
			compatibilityVersion = "Xcode 3.2";
			developmentRegion = English;
			hasScannedForEncodings = 0;
			knownRegions = (
				en,
				Base,
			);
			mainGroup = 18D1DDE31DAD2EBA00806993;
			productRefGroup = 18D1DDED1DAD2EBA00806993 /* Products */;
			projectDirPath = "";
			projectRoot = "";
			targets = (
				18D1DDEB1DAD2EBA00806993 /* oc中使用swift */,
			);
		};
/* End PBXProject section */

/* Begin PBXResourcesBuildPhase section */
		18D1DDEA1DAD2EBA00806993 /* Resources */ = {
			isa = PBXResourcesBuildPhase;
			buildActionMask = 2147483647;
			files = (
				18D1DDFF1DAD2EBA00806993 /* LaunchScreen.storyboard in Resources */,
				18D1DDFC1DAD2EBA00806993 /* Assets.xcassets in Resources */,
				18D1DDFA1DAD2EBA00806993 /* Main.storyboard in Resources */,
			);
			runOnlyForDeploymentPostprocessing = 0;
		};
/* End PBXResourcesBuildPhase section */

/* Begin PBXSourcesBuildPhase section */
		18D1DDE81DAD2EBA00806993 /* Sources */ = {
			isa = PBXSourcesBuildPhase;
			buildActionMask = 2147483647;
			files = (
				18D1DDF71DAD2EBA00806993 /* ViewController.m in Sources */,
				18D1DDF41DAD2EBA00806993 /* AppDelegate.m in Sources */,
				18D1DDF11DAD2EBA00806993 /* main.m in Sources */,
				18D1DE081DAD2EEF00806993 /* swift__oc.swift in Sources */,
			);
			runOnlyForDeploymentPostprocessing = 0;
		};
/* End PBXSourcesBuildPhase section */

/* Begin PBXVariantGroup section */
		18D1DDF81DAD2EBA00806993 /* Main.storyboard */ = {
			isa = PBXVariantGroup;
			children = (
				18D1DDF91DAD2EBA00806993 /* Base */,
			);
			name = Main.storyboard;
			sourceTree = "<group>";
		};
		18D1DDFD1DAD2EBA00806993 /* LaunchScreen.storyboard */ = {
			isa = PBXVariantGroup;
			children = (
				18D1DDFE1DAD2EBA00806993 /* Base */,
			);
			name = LaunchScreen.storyboard;
			sourceTree = "<group>";
		};
/* End PBXVariantGroup section */

/* Begin XCBuildConfiguration section */
		18D1DE011DAD2EBA00806993 /* Debug */ = {
			isa = XCBuildConfiguration;
			buildSettings = {
				ALWAYS_SEARCH_USER_PATHS = NO;
				CLANG_CXX_LANGUAGE_STANDARD = "gnu++0x";
				CLANG_CXX_LIBRARY = "libc++";
				CLANG_ENABLE_MODULES = YES;
				CLANG_ENABLE_OBJC_ARC = YES;
				CLANG_WARN_BOOL_CONVERSION = YES;
				CLANG_WARN_CONSTANT_CONVERSION = YES;
				CLANG_WARN_DIRECT_OBJC_ISA_USAGE = YES_ERROR;
				CLANG_WARN_EMPTY_BODY = YES;
				CLANG_WARN_ENUM_CONVERSION = YES;
				CLANG_WARN_INT_CONVERSION = YES;
				CLANG_WARN_OBJC_ROOT_CLASS = YES_ERROR;
				CLANG_WARN_UNREACHABLE_CODE = YES;
				CLANG_WARN__DUPLICATE_METHOD_MATCH = YES;
				"CODE_SIGN_IDENTITY[sdk=iphoneos*]" = "iPhone Developer";
				COPY_PHASE_STRIP = NO;
				DEBUG_INFORMATION_FORMAT = dwarf;
				ENABLE_STRICT_OBJC_MSGSEND = YES;
				ENABLE_TESTABILITY = YES;
				GCC_C_LANGUAGE_STANDARD = gnu99;
				GCC_DYNAMIC_NO_PIC = NO;
				GCC_NO_COMMON_BLOCKS = YES;
				GCC_OPTIMIZATION_LEVEL = 0;
				GCC_PREPROCESSOR_DEFINITIONS = (
					"DEBUG=1",
					"$(inherited)",
				);
				GCC_WARN_64_TO_32_BIT_CONVERSION = YES;
				GCC_WARN_ABOUT_RETURN_TYPE = YES_ERROR;
				GCC_WARN_UNDECLARED_SELECTOR = YES;
				GCC_WARN_UNINITIALIZED_AUTOS = YES_AGGRESSIVE;
				GCC_WARN_UNUSED_FUNCTION = YES;
				GCC_WARN_UNUSED_VARIABLE = YES;
				IPHONEOS_DEPLOYMENT_TARGET = 9.2;
				MTL_ENABLE_DEBUG_INFO = YES;
				ONLY_ACTIVE_ARCH = YES;
				SDKROOT = iphoneos;
			};
			name = Debug;
		};
		18D1DE021DAD2EBA00806993 /* Release */ = {
			isa = XCBuildConfiguration;
			buildSettings = {
				ALWAYS_SEARCH_USER_PATHS = NO;
				CLANG_CXX_LANGUAGE_STANDARD = "gnu++0x";
				CLANG_CXX_LIBRARY = "libc++";
				CLANG_ENABLE_MODULES = YES;
				CLANG_ENABLE_OBJC_ARC = YES;
				CLANG_WARN_BOOL_CONVERSION = YES;
				CLANG_WARN_CONSTANT_CONVERSION = YES;
				CLANG_WARN_DIRECT_OBJC_ISA_USAGE = YES_ERROR;
				CLANG_WARN_EMPTY_BODY = YES;
				CLANG_WARN_ENUM_CONVERSION = YES;
				CLANG_WARN_INT_CONVERSION = YES;
				CLANG_WARN_OBJC_ROOT_CLASS = YES_ERROR;
				CLANG_WARN_UNREACHABLE_CODE = YES;
				CLANG_WARN__DUPLICATE_METHOD_MATCH = YES;
				"CODE_SIGN_IDENTITY[sdk=iphoneos*]" = "iPhone Developer";
				COPY_PHASE_STRIP = NO;
				DEBUG_INFORMATION_FORMAT = "dwarf-with-dsym";
				ENABLE_NS_ASSERTIONS = NO;
				ENABLE_STRICT_OBJC_MSGSEND = YES;
				GCC_C_LANGUAGE_STANDARD = gnu99;
				GCC_NO_COMMON_BLOCKS = YES;
				GCC_WARN_64_TO_32_BIT_CONVERSION = YES;
				GCC_WARN_ABOUT_RETURN_TYPE = YES_ERROR;
				GCC_WARN_UNDECLARED_SELECTOR = YES;
				GCC_WARN_UNINITIALIZED_AUTOS = YES_AGGRESSIVE;
				GCC_WARN_UNUSED_FUNCTION = YES;
				GCC_WARN_UNUSED_VARIABLE = YES;
				IPHONEOS_DEPLOYMENT_TARGET = 9.2;
				MTL_ENABLE_DEBUG_INFO = NO;
				SDKROOT = iphoneos;
				VALIDATE_PRODUCT = YES;
			};
			name = Release;
		};
		18D1DE041DAD2EBA00806993 /* Debug */ = {
			isa = XCBuildConfiguration;
			buildSettings = {
				ASSETCATALOG_COMPILER_APPICON_NAME = AppIcon;
				CLANG_ENABLE_MODULES = YES;
				INFOPLIST_FILE = "oc中使用swift/Info.plist";
				LD_RUNPATH_SEARCH_PATHS = "$(inherited) @executable_path/Frameworks";
				PRODUCT_BUNDLE_IDENTIFIER = "-.oc---swift";
				PRODUCT_NAME = "$(TARGET_NAME)";
				SWIFT_OBJC_BRIDGING_HEADER = "oc中使用swift/oc中使用swift-Bridging-Header.h";
				SWIFT_OPTIMIZATION_LEVEL = "-Onone";
			};
			name = Debug;
		};
		18D1DE051DAD2EBA00806993 /* Release */ = {
			isa = XCBuildConfiguration;
			buildSettings = {
				ASSETCATALOG_COMPILER_APPICON_NAME = AppIcon;
				CLANG_ENABLE_MODULES = YES;
				INFOPLIST_FILE = "oc中使用swift/Info.plist";
				LD_RUNPATH_SEARCH_PATHS = "$(inherited) @executable_path/Frameworks";
				PRODUCT_BUNDLE_IDENTIFIER = "-.oc---swift";
				PRODUCT_NAME = "$(TARGET_NAME)";
				SWIFT_OBJC_BRIDGING_HEADER = "oc中使用swift/oc中使用swift-Bridging-Header.h";
			};
			name = Release;
		};
/* End XCBuildConfiguration section */

/* Begin XCConfigurationList section */
		18D1DDE71DAD2EBA00806993 /* Build configuration list for PBXProject "oc中使用swift" */ = {
			isa = XCConfigurationList;
			buildConfigurations = (
				18D1DE011DAD2EBA00806993 /* Debug */,
				18D1DE021DAD2EBA00806993 /* Release */,
			);
			defaultConfigurationIsVisible = 0;
			defaultConfigurationName = Release;
		};
		18D1DE031DAD2EBA00806993 /* Build configuration list for PBXNativeTarget "oc中使用swift" */ = {
			isa = XCConfigurationList;
			buildConfigurations = (
				18D1DE041DAD2EBA00806993 /* Debug */,
				18D1DE051DAD2EBA00806993 /* Release */,
			);
			defaultConfigurationIsVisible = 0;
		};
/* End XCConfigurationList section */
	};
	rootObject = 18D1DDE41DAD2EBA00806993 /* Project object */;
}
